
Microsoft Visual Studio Solution File, Format Version 12.00
# Visual Studio 15
VisualStudioVersion = 15.0.26228.10
MinimumVisualStudioVersion = 10.0.40219.1
Project("{9A19103F-16F7-4668-BE54-9A1E7A4F7556}") = "ProcStub", "ProcStub\ProcStub.csproj", "{1DE0EE78-2B7E-46BC-B46C-8493455CBF40}"
EndProject
Project("{9A19103F-16F7-4668-BE54-9A1E7A4F7556}") = "ProcStub.Showcase", "ProcStub.Showcase\ProcStub.Showcase.csproj", "{B5FE5D95-578A-48F3-81E8-D076BFB10955}"
EndProject
Project("{2150E333-8FDC-42A3-9474-1A3956D46DE8}") = "Solution Items", "Solution Items", "{A21217FF-A011-4DE4-B8D1-A32ACA089614}"
	ProjectSection(SolutionItems) = preProject
		..\.gitlab-ci.yml = ..\.gitlab-ci.yml
	EndProjectSection
EndProject
Global
	GlobalSection(SolutionConfigurationPlatforms) = preSolution
		Debug|Any CPU = Debug|Any CPU
		Release|Any CPU = Release|Any CPU
	EndGlobalSection
	GlobalSection(ProjectConfigurationPlatforms) = postSolution
		{1DE0EE78-2B7E-46BC-B46C-8493455CBF40}.Debug|Any CPU.ActiveCfg = Debug|Any CPU
		{1DE0EE78-2B7E-46BC-B46C-8493455CBF40}.Debug|Any CPU.Build.0 = Debug|Any CPU
		{1DE0EE78-2B7E-46BC-B46C-8493455CBF40}.Release|Any CPU.ActiveCfg = Release|Any CPU
		{1DE0EE78-2B7E-46BC-B46C-8493455CBF40}.Release|Any CPU.Build.0 = Release|Any CPU
		{B5FE5D95-578A-48F3-81E8-D076BFB10955}.Debug|Any CPU.ActiveCfg = Debug|Any CPU
		{B5FE5D95-578A-48F3-81E8-D076BFB10955}.Debug|Any CPU.Build.0 = Debug|Any CPU
		{B5FE5D95-578A-48F3-81E8-D076BFB10955}.Release|Any CPU.ActiveCfg = Release|Any CPU
		{B5FE5D95-578A-48F3-81E8-D076BFB10955}.Release|Any CPU.Build.0 = Release|Any CPU
	EndGlobalSection
	GlobalSection(SolutionProperties) = preSolution
		HideSolutionNode = FALSE
	EndGlobalSection
EndGlobal
